# This file is automatically @generated by Cargo.
# It is not intended for manual editing.
version = 4

[[package]]
name = "arrays-and-slices"
version = "0.1.0"

[[package]]
name = "command-line-args"
version = "0.1.0"

[[package]]
name = "function-types"
version = "0.1.0"

[[package]]
name = "hello"
version = "0.1.0"

[[package]]
name = "iterators"
version = "0.1.0"

[[package]]
name = "matching"
version = "0.1.0"

[[package]]
name = "move-it"
version = "0.1.0"

[[package]]
name = "reading-from-files"
version = "0.1.0"

[[package]]
name = "strings"
version = "0.1.0"

[[package]]
name = "structs"
version = "0.1.0"

[[package]]
name = "tuples"
version = "0.1.0"

[[package]]
name = "vectors"
version = "0.1.0"
